
Microsoft Visual Studio Solution File, Format Version 12.00
# Visual Studio 15
VisualStudioVersion = 15.0.28010.2048
MinimumVisualStudioVersion = 10.0.40219.1
Project("{8BC9CEB8-8B4A-11D0-8D11-00A0C91BC942}") = "ActividadesTona_2", "ActividadesTona_2\ActividadesTona_2.vcxproj", "{72909ECD-4FAF-4497-B268-BC1547E072F0}"
EndProject
Project("{8BC9CEB8-8B4A-11D0-8D11-00A0C91BC942}") = "AA1_03_AGameBoard", "AA1_03_AGameBoard\AA1_03_AGameBoard.vcxproj", "{7093C937-C442-450E-B3D6-14793772A9A9}"
EndProject
Project("{8BC9CEB8-8B4A-11D0-8D11-00A0C91BC942}") = "AA1_05", "AA1_05\AA1_05.vcxproj", "{11CA28FC-12F6-474B-BEB5-0A70D196B7B5}"
EndProject
Project("{8BC9CEB8-8B4A-11D0-8D11-00A0C91BC942}") = "AA1_07", "AA1_07\AA1_07.vcxproj", "{CD858371-1070-4306-918C-0C371E052B4A}"
EndProject
Project("{8BC9CEB8-8B4A-11D0-8D11-00A0C91BC942}") = "AA1_08", "AA1_08\AA1_08.vcxproj", "{C79C1E68-CE3C-40F2-A3CE-D5EB341E33D4}"
EndProject
Project("{8BC9CEB8-8B4A-11D0-8D11-00A0C91BC942}") = "AA1_08F", "AA1_08F\AA1_08F.vcxproj", "{E7BFD826-D623-4590-B95B-7FDFFB935EA1}"
EndProject
Project("{8BC9CEB8-8B4A-11D0-8D11-00A0C91BC942}") = "AA1_09", "AA1_09\AA1_09.vcxproj", "{5CB6259A-2488-4E05-8E07-208FB558BC4A}"
EndProject
Global
	GlobalSection(SolutionConfigurationPlatforms) = preSolution
		Debug|x64 = Debug|x64
		Debug|x86 = Debug|x86
		Release|x64 = Release|x64
		Release|x86 = Release|x86
	EndGlobalSection
	GlobalSection(ProjectConfigurationPlatforms) = postSolution
		{72909ECD-4FAF-4497-B268-BC1547E072F0}.Debug|x64.ActiveCfg = Debug|x64
		{72909ECD-4FAF-4497-B268-BC1547E072F0}.Debug|x64.Build.0 = Debug|x64
		{72909ECD-4FAF-4497-B268-BC1547E072F0}.Debug|x86.ActiveCfg = Debug|Win32
		{72909ECD-4FAF-4497-B268-BC1547E072F0}.Debug|x86.Build.0 = Debug|Win32
		{72909ECD-4FAF-4497-B268-BC1547E072F0}.Release|x64.ActiveCfg = Release|x64
		{72909ECD-4FAF-4497-B268-BC1547E072F0}.Release|x64.Build.0 = Release|x64
		{72909ECD-4FAF-4497-B268-BC1547E072F0}.Release|x86.ActiveCfg = Release|Win32
		{72909ECD-4FAF-4497-B268-BC1547E072F0}.Release|x86.Build.0 = Release|Win32
		{7093C937-C442-450E-B3D6-14793772A9A9}.Debug|x64.ActiveCfg = Debug|x64
		{7093C937-C442-450E-B3D6-14793772A9A9}.Debug|x64.Build.0 = Debug|x64
		{7093C937-C442-450E-B3D6-14793772A9A9}.Debug|x86.ActiveCfg = Debug|Win32
		{7093C937-C442-450E-B3D6-14793772A9A9}.Debug|x86.Build.0 = Debug|Win32
		{7093C937-C442-450E-B3D6-14793772A9A9}.Release|x64.ActiveCfg = Release|x64
		{7093C937-C442-450E-B3D6-14793772A9A9}.Release|x64.Build.0 = Release|x64
		{7093C937-C442-450E-B3D6-14793772A9A9}.Release|x86.ActiveCfg = Release|Win32
		{7093C937-C442-450E-B3D6-14793772A9A9}.Release|x86.Build.0 = Release|Win32
		{11CA28FC-12F6-474B-BEB5-0A70D196B7B5}.Debug|x64.ActiveCfg = Debug|x64
		{11CA28FC-12F6-474B-BEB5-0A70D196B7B5}.Debug|x64.Build.0 = Debug|x64
		{11CA28FC-12F6-474B-BEB5-0A70D196B7B5}.Debug|x86.ActiveCfg = Debug|Win32
		{11CA28FC-12F6-474B-BEB5-0A70D196B7B5}.Debug|x86.Build.0 = Debug|Win32
		{11CA28FC-12F6-474B-BEB5-0A70D196B7B5}.Release|x64.ActiveCfg = Release|x64
		{11CA28FC-12F6-474B-BEB5-0A70D196B7B5}.Release|x64.Build.0 = Release|x64
		{11CA28FC-12F6-474B-BEB5-0A70D196B7B5}.Release|x86.ActiveCfg = Release|Win32
		{11CA28FC-12F6-474B-BEB5-0A70D196B7B5}.Release|x86.Build.0 = Release|Win32
		{CD858371-1070-4306-918C-0C371E052B4A}.Debug|x64.ActiveCfg = Debug|x64
		{CD858371-1070-4306-918C-0C371E052B4A}.Debug|x64.Build.0 = Debug|x64
		{CD858371-1070-4306-918C-0C371E052B4A}.Debug|x86.ActiveCfg = Debug|Win32
		{CD858371-1070-4306-918C-0C371E052B4A}.Debug|x86.Build.0 = Debug|Win32
		{CD858371-1070-4306-918C-0C371E052B4A}.Release|x64.ActiveCfg = Release|x64
		{CD858371-1070-4306-918C-0C371E052B4A}.Release|x64.Build.0 = Release|x64
		{CD858371-1070-4306-918C-0C371E052B4A}.Release|x86.ActiveCfg = Release|Win32
		{CD858371-1070-4306-918C-0C371E052B4A}.Release|x86.Build.0 = Release|Win32
		{C79C1E68-CE3C-40F2-A3CE-D5EB341E33D4}.Debug|x64.ActiveCfg = Debug|x64
		{C79C1E68-CE3C-40F2-A3CE-D5EB341E33D4}.Debug|x64.Build.0 = Debug|x64
		{C79C1E68-CE3C-40F2-A3CE-D5EB341E33D4}.Debug|x86.ActiveCfg = Debug|Win32
		{C79C1E68-CE3C-40F2-A3CE-D5EB341E33D4}.Debug|x86.Build.0 = Debug|Win32
		{C79C1E68-CE3C-40F2-A3CE-D5EB341E33D4}.Release|x64.ActiveCfg = Release|x64
		{C79C1E68-CE3C-40F2-A3CE-D5EB341E33D4}.Release|x64.Build.0 = Release|x64
		{C79C1E68-CE3C-40F2-A3CE-D5EB341E33D4}.Release|x86.ActiveCfg = Release|Win32
		{C79C1E68-CE3C-40F2-A3CE-D5EB341E33D4}.Release|x86.Build.0 = Release|Win32
		{E7BFD826-D623-4590-B95B-7FDFFB935EA1}.Debug|x64.ActiveCfg = Debug|x64
		{E7BFD826-D623-4590-B95B-7FDFFB935EA1}.Debug|x64.Build.0 = Debug|x64
		{E7BFD826-D623-4590-B95B-7FDFFB935EA1}.Debug|x86.ActiveCfg = Debug|Win32
		{E7BFD826-D623-4590-B95B-7FDFFB935EA1}.Debug|x86.Build.0 = Debug|Win32
		{E7BFD826-D623-4590-B95B-7FDFFB935EA1}.Release|x64.ActiveCfg = Release|x64
		{E7BFD826-D623-4590-B95B-7FDFFB935EA1}.Release|x64.Build.0 = Release|x64
		{E7BFD826-D623-4590-B95B-7FDFFB935EA1}.Release|x86.ActiveCfg = Release|Win32
		{E7BFD826-D623-4590-B95B-7FDFFB935EA1}.Release|x86.Build.0 = Release|Win32
		{5CB6259A-2488-4E05-8E07-208FB558BC4A}.Debug|x64.ActiveCfg = Debug|x64
		{5CB6259A-2488-4E05-8E07-208FB558BC4A}.Debug|x64.Build.0 = Debug|x64
		{5CB6259A-2488-4E05-8E07-208FB558BC4A}.Debug|x86.ActiveCfg = Debug|Win32
		{5CB6259A-2488-4E05-8E07-208FB558BC4A}.Debug|x86.Build.0 = Debug|Win32
		{5CB6259A-2488-4E05-8E07-208FB558BC4A}.Release|x64.ActiveCfg = Release|x64
		{5CB6259A-2488-4E05-8E07-208FB558BC4A}.Release|x64.Build.0 = Release|x64
		{5CB6259A-2488-4E05-8E07-208FB558BC4A}.Release|x86.ActiveCfg = Release|Win32
		{5CB6259A-2488-4E05-8E07-208FB558BC4A}.Release|x86.Build.0 = Release|Win32
	EndGlobalSection
	GlobalSection(SolutionProperties) = preSolution
		HideSolutionNode = FALSE
	EndGlobalSection
	GlobalSection(ExtensibilityGlobals) = postSolution
		SolutionGuid = {96152F01-F179-4672-95E1-9B8796E41F59}
	EndGlobalSection
EndGlobal
